
Microsoft Visual Studio Solution File, Format Version 12.00
# Visual Studio Version 17
VisualStudioVersion = 17.14.36717.8 d17.14
MinimumVisualStudioVersion = 10.0.40219.1
Project("{FAE04EC0-301F-11D3-BF4B-00C04F79EFBC}") = "WORKKK", "WORKKK\WORKKK.csproj", "{68F92F69-9146-46B2-8930-C34B49B7F027}"
EndProject
Global
	GlobalSection(SolutionConfigurationPlatforms) = preSolution
		Debug|Any CPU = Debug|Any CPU
		Release|Any CPU = Release|Any CPU
	EndGlobalSection
	GlobalSection(ProjectConfigurationPlatforms) = postSolution
		{68F92F69-9146-46B2-8930-C34B49B7F027}.Debug|Any CPU.ActiveCfg = Debug|Any CPU
		{68F92F69-9146-46B2-8930-C34B49B7F027}.Debug|Any CPU.Build.0 = Debug|Any CPU
		{68F92F69-9146-46B2-8930-C34B49B7F027}.Release|Any CPU.ActiveCfg = Release|Any CPU
		{68F92F69-9146-46B2-8930-C34B49B7F027}.Release|Any CPU.Build.0 = Release|Any CPU
	EndGlobalSection
	GlobalSection(SolutionProperties) = preSolution
		HideSolutionNode = FALSE
	EndGlobalSection
	GlobalSection(ExtensibilityGlobals) = postSolution
		SolutionGuid = {C1A5DE65-F3D4-4A72-98FA-F8984EF04880}
	EndGlobalSection
EndGlobal
